// !$*UTF8*$!
{
	archiveVersion = 1;
	classes = {
	};
	objectVersion = 46;
	objects = {

/* Begin PBXBuildFile section */
		418BBEBE18CED3E000F14387 /* Foundation.framework in Frameworks */ = {isa = PBXBuildFile; fileRef = 418BBEBD18CED3E000F14387 /* Foundation.framework */; };
		418BBEC018CED3E000F14387 /* CoreGraphics.framework in Frameworks */ = {isa = PBXBuildFile; fileRef = 418BBEBF18CED3E000F14387 /* CoreGraphics.framework */; };
		418BBEC218CED3E000F14387 /* UIKit.framework in Frameworks */ = {isa = PBXBuildFile; fileRef = 418BBEC118CED3E000F14387 /* UIKit.framework */; };
		418BBEC818CED3E000F14387 /* InfoPlist.strings in Resources */ = {isa = PBXBuildFile; fileRef = 418BBEC618CED3E000F14387 /* InfoPlist.strings */; };
		418BBECA18CED3E000F14387 /* main.m in Sources */ = {isa = PBXBuildFile; fileRef = 418BBEC918CED3E000F14387 /* main.m */; };
		418BBECE18CED3E000F14387 /* NPAppDelegate.m in Sources */ = {isa = PBXBuildFile; fileRef = 418BBECD18CED3E000F14387 /* NPAppDelegate.m */; };
		418BBED118CED3E000F14387 /* Main.storyboard in Resources */ = {isa = PBXBuildFile; fileRef = 418BBECF18CED3E000F14387 /* Main.storyboard */; };
		418BBED418CED3E000F14387 /* NPViewController.m in Sources */ = {isa = PBXBuildFile; fileRef = 418BBED318CED3E000F14387 /* NPViewController.m */; };
		418BBED618CED3E000F14387 /* Images.xcassets in Resources */ = {isa = PBXBuildFile; fileRef = 418BBED518CED3E000F14387 /* Images.xcassets */; };
		418BBEDD18CED3E000F14387 /* XCTest.framework in Frameworks */ = {isa = PBXBuildFile; fileRef = 418BBEDC18CED3E000F14387 /* XCTest.framework */; };
		418BBEDE18CED3E100F14387 /* Foundation.framework in Frameworks */ = {isa = PBXBuildFile; fileRef = 418BBEBD18CED3E000F14387 /* Foundation.framework */; };
		418BBEDF18CED3E100F14387 /* UIKit.framework in Frameworks */ = {isa = PBXBuildFile; fileRef = 418BBEC118CED3E000F14387 /* UIKit.framework */; };
		418BBEE718CED3E100F14387 /* InfoPlist.strings in Resources */ = {isa = PBXBuildFile; fileRef = 418BBEE518CED3E100F14387 /* InfoPlist.strings */; };
		418BBEE918CED3E100F14387 /* OpenURLTests.m in Sources */ = {isa = PBXBuildFile; fileRef = 418BBEE818CED3E100F14387 /* OpenURLTests.m */; };
/* End PBXBuildFile section */

/* Begin PBXContainerItemProxy section */
		418BBEE018CED3E100F14387 /* PBXContainerItemProxy */ = {
			isa = PBXContainerItemProxy;
			containerPortal = 418BBEB218CED3E000F14387 /* Project object */;
			proxyType = 1;
			remoteGlobalIDString = 418BBEB918CED3E000F14387;
			remoteInfo = OpenURL;
		};
/* End PBXContainerItemProxy section */

/* Begin PBXFileReference section */
		418BBEBA18CED3E000F14387 /* OpenURL.app */ = {isa = PBXFileReference; explicitFileType = wrapper.application; includeInIndex = 0; path = OpenURL.app; sourceTree = BUILT_PRODUCTS_DIR; };
		418BBEBD18CED3E000F14387 /* Foundation.framework */ = {isa = PBXFileReference; lastKnownFileType = wrapper.framework; name = Foundation.framework; path = System/Library/Frameworks/Foundation.framework; sourceTree = SDKROOT; };
		418BBEBF18CED3E000F14387 /* CoreGraphics.framework */ = {isa = PBXFileReference; lastKnownFileType = wrapper.framework; name = CoreGraphics.framework; path = System/Library/Frameworks/CoreGraphics.framework; sourceTree = SDKROOT; };
		418BBEC118CED3E000F14387 /* UIKit.framework */ = {isa = PBXFileReference; lastKnownFileType = wrapper.framework; name = UIKit.framework; path = System/Library/Frameworks/UIKit.framework; sourceTree = SDKROOT; };
		418BBEC518CED3E000F14387 /* OpenURL-Info.plist */ = {isa = PBXFileReference; lastKnownFileType = text.plist.xml; path = "OpenURL-Info.plist"; sourceTree = "<group>"; };
		418BBEC718CED3E000F14387 /* en */ = {isa = PBXFileReference; lastKnownFileType = text.plist.strings; name = en; path = en.lproj/InfoPlist.strings; sourceTree = "<group>"; };
		418BBEC918CED3E000F14387 /* main.m */ = {isa = PBXFileReference; lastKnownFileType = sourcecode.c.objc; path = main.m; sourceTree = "<group>"; };
		418BBECB18CED3E000F14387 /* OpenURL-Prefix.pch */ = {isa = PBXFileReference; lastKnownFileType = sourcecode.c.h; path = "OpenURL-Prefix.pch"; sourceTree = "<group>"; };
		418BBECC18CED3E000F14387 /* NPAppDelegate.h */ = {isa = PBXFileReference; lastKnownFileType = sourcecode.c.h; path = NPAppDelegate.h; sourceTree = "<group>"; };
		418BBECD18CED3E000F14387 /* NPAppDelegate.m */ = {isa = PBXFileReference; lastKnownFileType = sourcecode.c.objc; path = NPAppDelegate.m; sourceTree = "<group>"; };
		418BBED018CED3E000F14387 /* Base */ = {isa = PBXFileReference; lastKnownFileType = file.storyboard; name = Base; path = Base.lproj/Main.storyboard; sourceTree = "<group>"; };
		418BBED218CED3E000F14387 /* NPViewController.h */ = {isa = PBXFileReference; lastKnownFileType = sourcecode.c.h; path = NPViewController.h; sourceTree = "<group>"; };
		418BBED318CED3E000F14387 /* NPViewController.m */ = {isa = PBXFileReference; lastKnownFileType = sourcecode.c.objc; path = NPViewController.m; sourceTree = "<group>"; };
		418BBED518CED3E000F14387 /* Images.xcassets */ = {isa = PBXFileReference; lastKnownFileType = folder.assetcatalog; path = Images.xcassets; sourceTree = "<group>"; };
		418BBEDB18CED3E000F14387 /* OpenURLTests.xctest */ = {isa = PBXFileReference; explicitFileType = wrapper.cfbundle; includeInIndex = 0; path = OpenURLTests.xctest; sourceTree = BUILT_PRODUCTS_DIR; };
		418BBEDC18CED3E000F14387 /* XCTest.framework */ = {isa = PBXFileReference; lastKnownFileType = wrapper.framework; name = XCTest.framework; path = Library/Frameworks/XCTest.framework; sourceTree = DEVELOPER_DIR; };
		418BBEE418CED3E100F14387 /* OpenURLTests-Info.plist */ = {isa = PBXFileReference; lastKnownFileType = text.plist.xml; path = "OpenURLTests-Info.plist"; sourceTree = "<group>"; };
		418BBEE618CED3E100F14387 /* en */ = {isa = PBXFileReference; lastKnownFileType = text.plist.strings; name = en; path = en.lproj/InfoPlist.strings; sourceTree = "<group>"; };
		418BBEE818CED3E100F14387 /* OpenURLTests.m */ = {isa = PBXFileReference; lastKnownFileType = sourcecode.c.objc; path = OpenURLTests.m; sourceTree = "<group>"; };
/* End PBXFileReference section */

/* Begin PBXFrameworksBuildPhase section */
		418BBEB718CED3E000F14387 /* Frameworks */ = {
			isa = PBXFrameworksBuildPhase;
			buildActionMask = 2147483647;
			files = (
				418BBEC018CED3E000F14387 /* CoreGraphics.framework in Frameworks */,
				418BBEC218CED3E000F14387 /* UIKit.framework in Frameworks */,
				418BBEBE18CED3E000F14387 /* Foundation.framework in Frameworks */,
			);
			runOnlyForDeploymentPostprocessing = 0;
		};
		418BBED818CED3E000F14387 /* Frameworks */ = {
			isa = PBXFrameworksBuildPhase;
			buildActionMask = 2147483647;
			files = (
				418BBEDD18CED3E000F14387 /* XCTest.framework in Frameworks */,
				418BBEDF18CED3E100F14387 /* UIKit.framework in Frameworks */,
				418BBEDE18CED3E100F14387 /* Foundation.framework in Frameworks */,
			);
			runOnlyForDeploymentPostprocessing = 0;
		};
/* End PBXFrameworksBuildPhase section */

/* Begin PBXGroup section */
		418BBEB118CED3E000F14387 = {
			isa = PBXGroup;
			children = (
				418BBEC318CED3E000F14387 /* OpenURL */,
				418BBEE218CED3E100F14387 /* OpenURLTests */,
				418BBEBC18CED3E000F14387 /* Frameworks */,
				418BBEBB18CED3E000F14387 /* Products */,
			);
			sourceTree = "<group>";
		};
		418BBEBB18CED3E000F14387 /* Products */ = {
			isa = PBXGroup;
			children = (
				418BBEBA18CED3E000F14387 /* OpenURL.app */,
				418BBEDB18CED3E000F14387 /* OpenURLTests.xctest */,
			);
			name = Products;
			sourceTree = "<group>";
		};
		418BBEBC18CED3E000F14387 /* Frameworks */ = {
			isa = PBXGroup;
			children = (
				418BBEBD18CED3E000F14387 /* Foundation.framework */,
				418BBEBF18CED3E000F14387 /* CoreGraphics.framework */,
				418BBEC118CED3E000F14387 /* UIKit.framework */,
				418BBEDC18CED3E000F14387 /* XCTest.framework */,
			);
			name = Frameworks;
			sourceTree = "<group>";
		};
		418BBEC318CED3E000F14387 /* OpenURL */ = {
			isa = PBXGroup;
			children = (
				418BBECC18CED3E000F14387 /* NPAppDelegate.h */,
				418BBECD18CED3E000F14387 /* NPAppDelegate.m */,
				418BBECF18CED3E000F14387 /* Main.storyboard */,
				418BBED218CED3E000F14387 /* NPViewController.h */,
				418BBED318CED3E000F14387 /* NPViewController.m */,
				418BBED518CED3E000F14387 /* Images.xcassets */,
				418BBEC418CED3E000F14387 /* Supporting Files */,
			);
			path = OpenURL;
			sourceTree = "<group>";
		};
		418BBEC418CED3E000F14387 /* Supporting Files */ = {
			isa = PBXGroup;
			children = (
				418BBEC518CED3E000F14387 /* OpenURL-Info.plist */,
				418BBEC618CED3E000F14387 /* InfoPlist.strings */,
				418BBEC918CED3E000F14387 /* main.m */,
				418BBECB18CED3E000F14387 /* OpenURL-Prefix.pch */,
			);
			name = "Supporting Files";
			sourceTree = "<group>";
		};
		418BBEE218CED3E100F14387 /* OpenURLTests */ = {
			isa = PBXGroup;
			children = (
				418BBEE818CED3E100F14387 /* OpenURLTests.m */,
				418BBEE318CED3E100F14387 /* Supporting Files */,
			);
			path = OpenURLTests;
			sourceTree = "<group>";
		};
		418BBEE318CED3E100F14387 /* Supporting Files */ = {
			isa = PBXGroup;
			children = (
				418BBEE418CED3E100F14387 /* OpenURLTests-Info.plist */,
				418BBEE518CED3E100F14387 /* InfoPlist.strings */,
			);
			name = "Supporting Files";
			sourceTree = "<group>";
		};
/* End PBXGroup section */

/* Begin PBXNativeTarget section */
		418BBEB918CED3E000F14387 /* OpenURL */ = {
			isa = PBXNativeTarget;
			buildConfigurationList = 418BBEEC18CED3E100F14387 /* Build configuration list for PBXNativeTarget "OpenURL" */;
			buildPhases = (
				418BBEB618CED3E000F14387 /* Sources */,
				418BBEB718CED3E000F14387 /* Frameworks */,
				418BBEB818CED3E000F14387 /* Resources */,
			);
			buildRules = (
			);
			dependencies = (
			);
			name = OpenURL;
			productName = OpenURL;
			productReference = 418BBEBA18CED3E000F14387 /* OpenURL.app */;
			productType = "com.apple.product-type.application";
		};
		418BBEDA18CED3E000F14387 /* OpenURLTests */ = {
			isa = PBXNativeTarget;
			buildConfigurationList = 418BBEEF18CED3E100F14387 /* Build configuration list for PBXNativeTarget "OpenURLTests" */;
			buildPhases = (
				418BBED718CED3E000F14387 /* Sources */,
				418BBED818CED3E000F14387 /* Frameworks */,
				418BBED918CED3E000F14387 /* Resources */,
			);
			buildRules = (
			);
			dependencies = (
				418BBEE118CED3E100F14387 /* PBXTargetDependency */,
			);
			name = OpenURLTests;
			productName = OpenURLTests;
			productReference = 418BBEDB18CED3E000F14387 /* OpenURLTests.xctest */;
			productType = "com.apple.product-type.bundle.unit-test";
		};
/* End PBXNativeTarget section */

/* Begin PBXProject section */
		418BBEB218CED3E000F14387 /* Project object */ = {
			isa = PBXProject;
			attributes = {
				CLASSPREFIX = NP;
				LastUpgradeCheck = 0500;
				ORGANIZATIONNAME = "北京中软万维上海分公司";
				TargetAttributes = {
					418BBEDA18CED3E000F14387 = {
						TestTargetID = 418BBEB918CED3E000F14387;
					};
				};
			};
			buildConfigurationList = 418BBEB518CED3E000F14387 /* Build configuration list for PBXProject "OpenURL" */;
			compatibilityVersion = "Xcode 3.2";
			developmentRegion = English;
			hasScannedForEncodings = 0;
			knownRegions = (
				en,
				Base,
			);
			mainGroup = 418BBEB118CED3E000F14387;
			productRefGroup = 418BBEBB18CED3E000F14387 /* Products */;
			projectDirPath = "";
			projectRoot = "";
			targets = (
				418BBEB918CED3E000F14387 /* OpenURL */,
				418BBEDA18CED3E000F14387 /* OpenURLTests */,
			);
		};
/* End PBXProject section */

/* Begin PBXResourcesBuildPhase section */
		418BBEB818CED3E000F14387 /* Resources */ = {
			isa = PBXResourcesBuildPhase;
			buildActionMask = 2147483647;
			files = (
				418BBED618CED3E000F14387 /* Images.xcassets in Resources */,
				418BBEC818CED3E000F14387 /* InfoPlist.strings in Resources */,
				418BBED118CED3E000F14387 /* Main.storyboard in Resources */,
			);
			runOnlyForDeploymentPostprocessing = 0;
		};
		418BBED918CED3E000F14387 /* Resources */ = {
			isa = PBXResourcesBuildPhase;
			buildActionMask = 2147483647;
			files = (
				418BBEE718CED3E100F14387 /* InfoPlist.strings in Resources */,
			);
			runOnlyForDeploymentPostprocessing = 0;
		};
/* End PBXResourcesBuildPhase section */

/* Begin PBXSourcesBuildPhase section */
		418BBEB618CED3E000F14387 /* Sources */ = {
			isa = PBXSourcesBuildPhase;
			buildActionMask = 2147483647;
			files = (
				418BBED418CED3E000F14387 /* NPViewController.m in Sources */,
				418BBECE18CED3E000F14387 /* NPAppDelegate.m in Sources */,
				418BBECA18CED3E000F14387 /* main.m in Sources */,
			);
			runOnlyForDeploymentPostprocessing = 0;
		};
		418BBED718CED3E000F14387 /* Sources */ = {
			isa = PBXSourcesBuildPhase;
			buildActionMask = 2147483647;
			files = (
				418BBEE918CED3E100F14387 /* OpenURLTests.m in Sources */,
			);
			runOnlyForDeploymentPostprocessing = 0;
		};
/* End PBXSourcesBuildPhase section */

/* Begin PBXTargetDependency section */
		418BBEE118CED3E100F14387 /* PBXTargetDependency */ = {
			isa = PBXTargetDependency;
			target = 418BBEB918CED3E000F14387 /* OpenURL */;
			targetProxy = 418BBEE018CED3E100F14387 /* PBXContainerItemProxy */;
		};
/* End PBXTargetDependency section */

/* Begin PBXVariantGroup section */
		418BBEC618CED3E000F14387 /* InfoPlist.strings */ = {
			isa = PBXVariantGroup;
			children = (
				418BBEC718CED3E000F14387 /* en */,
			);
			name = InfoPlist.strings;
			sourceTree = "<group>";
		};
		418BBECF18CED3E000F14387 /* Main.storyboard */ = {
			isa = PBXVariantGroup;
			children = (
				418BBED018CED3E000F14387 /* Base */,
			);
			name = Main.storyboard;
			sourceTree = "<group>";
		};
		418BBEE518CED3E100F14387 /* InfoPlist.strings */ = {
			isa = PBXVariantGroup;
			children = (
				418BBEE618CED3E100F14387 /* en */,
			);
			name = InfoPlist.strings;
			sourceTree = "<group>";
		};
/* End PBXVariantGroup section */

/* Begin XCBuildConfiguration section */
		418BBEEA18CED3E100F14387 /* Debug */ = {
			isa = XCBuildConfiguration;
			buildSettings = {
				ALWAYS_SEARCH_USER_PATHS = NO;
				ARCHS = "$(ARCHS_STANDARD_INCLUDING_64_BIT)";
				CLANG_CXX_LANGUAGE_STANDARD = "gnu++0x";
				CLANG_CXX_LIBRARY = "libc++";
				CLANG_ENABLE_MODULES = YES;
				CLANG_ENABLE_OBJC_ARC = YES;
				CLANG_WARN_BOOL_CONVERSION = YES;
				CLANG_WARN_CONSTANT_CONVERSION = YES;
				CLANG_WARN_DIRECT_OBJC_ISA_USAGE = YES_ERROR;
				CLANG_WARN_EMPTY_BODY = YES;
				CLANG_WARN_ENUM_CONVERSION = YES;
				CLANG_WARN_INT_CONVERSION = YES;
				CLANG_WARN_OBJC_ROOT_CLASS = YES_ERROR;
				CLANG_WARN__DUPLICATE_METHOD_MATCH = YES;
				"CODE_SIGN_IDENTITY[sdk=iphoneos*]" = "iPhone Developer";
				COPY_PHASE_STRIP = NO;
				GCC_C_LANGUAGE_STANDARD = gnu99;
				GCC_DYNAMIC_NO_PIC = NO;
				GCC_OPTIMIZATION_LEVEL = 0;
				GCC_PREPROCESSOR_DEFINITIONS = (
					"DEBUG=1",
					"$(inherited)",
				);
				GCC_SYMBOLS_PRIVATE_EXTERN = NO;
				GCC_WARN_64_TO_32_BIT_CONVERSION = YES;
				GCC_WARN_ABOUT_RETURN_TYPE = YES_ERROR;
				GCC_WARN_UNDECLARED_SELECTOR = YES;
				GCC_WARN_UNINITIALIZED_AUTOS = YES;
				GCC_WARN_UNUSED_FUNCTION = YES;
				GCC_WARN_UNUSED_VARIABLE = YES;
				IPHONEOS_DEPLOYMENT_TARGET = 7.0;
				ONLY_ACTIVE_ARCH = YES;
				SDKROOT = iphoneos;
			};
			name = Debug;
		};
		418BBEEB18CED3E100F14387 /* Release */ = {
			isa = XCBuildConfiguration;
			buildSettings = {
				ALWAYS_SEARCH_USER_PATHS = NO;
				ARCHS = "$(ARCHS_STANDARD_INCLUDING_64_BIT)";
				CLANG_CXX_LANGUAGE_STANDARD = "gnu++0x";
				CLANG_CXX_LIBRARY = "libc++";
				CLANG_ENABLE_MODULES = YES;
				CLANG_ENABLE_OBJC_ARC = YES;
				CLANG_WARN_BOOL_CONVERSION = YES;
				CLANG_WARN_CONSTANT_CONVERSION = YES;
				CLANG_WARN_DIRECT_OBJC_ISA_USAGE = YES_ERROR;
				CLANG_WARN_EMPTY_BODY = YES;
				CLANG_WARN_ENUM_CONVERSION = YES;
				CLANG_WARN_INT_CONVERSION = YES;
				CLANG_WARN_OBJC_ROOT_CLASS = YES_ERROR;
				CLANG_WARN__DUPLICATE_METHOD_MATCH = YES;
				"CODE_SIGN_IDENTITY[sdk=iphoneos*]" = "iPhone Developer";
				COPY_PHASE_STRIP = YES;
				ENABLE_NS_ASSERTIONS = NO;
				GCC_C_LANGUAGE_STANDARD = gnu99;
				GCC_WARN_64_TO_32_BIT_CONVERSION = YES;
				GCC_WARN_ABOUT_RETURN_TYPE = YES_ERROR;
				GCC_WARN_UNDECLARED_SELECTOR = YES;
				GCC_WARN_UNINITIALIZED_AUTOS = YES;
				GCC_WARN_UNUSED_FUNCTION = YES;
				GCC_WARN_UNUSED_VARIABLE = YES;
				IPHONEOS_DEPLOYMENT_TARGET = 7.0;
				SDKROOT = iphoneos;
				VALIDATE_PRODUCT = YES;
			};
			name = Release;
		};
		418BBEED18CED3E100F14387 /* Debug */ = {
			isa = XCBuildConfiguration;
			buildSettings = {
				ASSETCATALOG_COMPILER_APPICON_NAME = AppIcon;
				ASSETCATALOG_COMPILER_LAUNCHIMAGE_NAME = LaunchImage;
				GCC_PRECOMPILE_PREFIX_HEADER = YES;
				GCC_PREFIX_HEADER = "OpenURL/OpenURL-Prefix.pch";
				INFOPLIST_FILE = "OpenURL/OpenURL-Info.plist";
				PRODUCT_NAME = "$(TARGET_NAME)";
				WRAPPER_EXTENSION = app;
			};
			name = Debug;
		};
		418BBEEE18CED3E100F14387 /* Release */ = {
			isa = XCBuildConfiguration;
			buildSettings = {
				ASSETCATALOG_COMPILER_APPICON_NAME = AppIcon;
				ASSETCATALOG_COMPILER_LAUNCHIMAGE_NAME = LaunchImage;
				GCC_PRECOMPILE_PREFIX_HEADER = YES;
				GCC_PREFIX_HEADER = "OpenURL/OpenURL-Prefix.pch";
				INFOPLIST_FILE = "OpenURL/OpenURL-Info.plist";
				PRODUCT_NAME = "$(TARGET_NAME)";
				WRAPPER_EXTENSION = app;
			};
			name = Release;
		};
		418BBEF018CED3E100F14387 /* Debug */ = {
			isa = XCBuildConfiguration;
			buildSettings = {
				ARCHS = "$(ARCHS_STANDARD_INCLUDING_64_BIT)";
				BUNDLE_LOADER = "$(BUILT_PRODUCTS_DIR)/OpenURL.app/OpenURL";
				FRAMEWORK_SEARCH_PATHS = (
					"$(SDKROOT)/Developer/Library/Frameworks",
					"$(inherited)",
					"$(DEVELOPER_FRAMEWORKS_DIR)",
				);
				GCC_PRECOMPILE_PREFIX_HEADER = YES;
				GCC_PREFIX_HEADER = "OpenURL/OpenURL-Prefix.pch";
				GCC_PREPROCESSOR_DEFINITIONS = (
					"DEBUG=1",
					"$(inherited)",
				);
				INFOPLIST_FILE = "OpenURLTests/OpenURLTests-Info.plist";
				PRODUCT_NAME = "$(TARGET_NAME)";
				TEST_HOST = "$(BUNDLE_LOADER)";
				WRAPPER_EXTENSION = xctest;
			};
			name = Debug;
		};
		418BBEF118CED3E100F14387 /* Release */ = {
			isa = XCBuildConfiguration;
			buildSettings = {
				ARCHS = "$(ARCHS_STANDARD_INCLUDING_64_BIT)";
				BUNDLE_LOADER = "$(BUILT_PRODUCTS_DIR)/OpenURL.app/OpenURL";
				FRAMEWORK_SEARCH_PATHS = (
					"$(SDKROOT)/Developer/Library/Frameworks",
					"$(inherited)",
					"$(DEVELOPER_FRAMEWORKS_DIR)",
				);
				GCC_PRECOMPILE_PREFIX_HEADER = YES;
				GCC_PREFIX_HEADER = "OpenURL/OpenURL-Prefix.pch";
				INFOPLIST_FILE = "OpenURLTests/OpenURLTests-Info.plist";
				PRODUCT_NAME = "$(TARGET_NAME)";
				TEST_HOST = "$(BUNDLE_LOADER)";
				WRAPPER_EXTENSION = xctest;
			};
			name = Release;
		};
/* End XCBuildConfiguration section */

/* Begin XCConfigurationList section */
		418BBEB518CED3E000F14387 /* Build configuration list for PBXProject "OpenURL" */ = {
			isa = XCConfigurationList;
			buildConfigurations = (
				418BBEEA18CED3E100F14387 /* Debug */,
				418BBEEB18CED3E100F14387 /* Release */,
			);
			defaultConfigurationIsVisible = 0;
			defaultConfigurationName = Release;
		};
		418BBEEC18CED3E100F14387 /* Build configuration list for PBXNativeTarget "OpenURL" */ = {
			isa = XCConfigurationList;
			buildConfigurations = (
				418BBEED18CED3E100F14387 /* Debug */,
				418BBEEE18CED3E100F14387 /* Release */,
			);
			defaultConfigurationIsVisible = 0;
		};
		418BBEEF18CED3E100F14387 /* Build configuration list for PBXNativeTarget "OpenURLTests" */ = {
			isa = XCConfigurationList;
			buildConfigurations = (
				418BBEF018CED3E100F14387 /* Debug */,
				418BBEF118CED3E100F14387 /* Release */,
			);
			defaultConfigurationIsVisible = 0;
		};
/* End XCConfigurationList section */
	};
	rootObject = 418BBEB218CED3E000F14387 /* Project object */;
}
